
Microsoft Visual Studio Solution File, Format Version 12.00
# Visual Studio Version 17
VisualStudioVersion = 17.13.35931.197
MinimumVisualStudioVersion = 10.0.40219.1
Project("{FAE04EC0-301F-11D3-BF4B-00C04F79EFBC}") = "ApiServer.WebApi", "ApiServer.WebApi\ApiServer.WebApi.csproj", "{C680856A-C732-DC6F-B783-C054A8393F34}"
EndProject
Project("{FAE04EC0-301F-11D3-BF4B-00C04F79EFBC}") = "JwtWebApp", "JwtWebApp\JwtWebApp.csproj", "{0AC5E640-BA6C-4DCC-AD4E-E8DDDCCAC309}"
EndProject
Project("{FAE04EC0-301F-11D3-BF4B-00C04F79EFBC}") = "MauiApp", "MauiApp\MauiApp.csproj", "{5B3FE305-E74B-4449-916F-9D7DD879905F}"
EndProject
Project("{FAE04EC0-301F-11D3-BF4B-00C04F79EFBC}") = "JwtOData", "JwtOData\JwtOData.csproj", "{FF2A0CCF-601F-EF87-179D-A4123757F077}"
EndProject
Global
	GlobalSection(SolutionConfigurationPlatforms) = preSolution
		Debug|Any CPU = Debug|Any CPU
		EasyTest|Any CPU = EasyTest|Any CPU
		Release|Any CPU = Release|Any CPU
	EndGlobalSection
	GlobalSection(ProjectConfigurationPlatforms) = postSolution
		{C680856A-C732-DC6F-B783-C054A8393F34}.Debug|Any CPU.ActiveCfg = Debug|Any CPU
		{C680856A-C732-DC6F-B783-C054A8393F34}.Debug|Any CPU.Build.0 = Debug|Any CPU
		{C680856A-C732-DC6F-B783-C054A8393F34}.EasyTest|Any CPU.ActiveCfg = EasyTest|Any CPU
		{C680856A-C732-DC6F-B783-C054A8393F34}.EasyTest|Any CPU.Build.0 = EasyTest|Any CPU
		{C680856A-C732-DC6F-B783-C054A8393F34}.Release|Any CPU.ActiveCfg = Release|Any CPU
		{C680856A-C732-DC6F-B783-C054A8393F34}.Release|Any CPU.Build.0 = Release|Any CPU
		{0AC5E640-BA6C-4DCC-AD4E-E8DDDCCAC309}.Debug|Any CPU.ActiveCfg = Debug|Any CPU
		{0AC5E640-BA6C-4DCC-AD4E-E8DDDCCAC309}.Debug|Any CPU.Build.0 = Debug|Any CPU
		{0AC5E640-BA6C-4DCC-AD4E-E8DDDCCAC309}.EasyTest|Any CPU.ActiveCfg = Release|Any CPU
		{0AC5E640-BA6C-4DCC-AD4E-E8DDDCCAC309}.EasyTest|Any CPU.Build.0 = Release|Any CPU
		{0AC5E640-BA6C-4DCC-AD4E-E8DDDCCAC309}.Release|Any CPU.ActiveCfg = Release|Any CPU
		{0AC5E640-BA6C-4DCC-AD4E-E8DDDCCAC309}.Release|Any CPU.Build.0 = Release|Any CPU
		{5B3FE305-E74B-4449-916F-9D7DD879905F}.Debug|Any CPU.ActiveCfg = Debug|Any CPU
		{5B3FE305-E74B-4449-916F-9D7DD879905F}.Debug|Any CPU.Build.0 = Debug|Any CPU
		{5B3FE305-E74B-4449-916F-9D7DD879905F}.EasyTest|Any CPU.ActiveCfg = Release|Any CPU
		{5B3FE305-E74B-4449-916F-9D7DD879905F}.EasyTest|Any CPU.Build.0 = Release|Any CPU
		{5B3FE305-E74B-4449-916F-9D7DD879905F}.Release|Any CPU.ActiveCfg = Release|Any CPU
		{5B3FE305-E74B-4449-916F-9D7DD879905F}.Release|Any CPU.Build.0 = Release|Any CPU
		{FF2A0CCF-601F-EF87-179D-A4123757F077}.Debug|Any CPU.ActiveCfg = Debug|Any CPU
		{FF2A0CCF-601F-EF87-179D-A4123757F077}.Debug|Any CPU.Build.0 = Debug|Any CPU
		{FF2A0CCF-601F-EF87-179D-A4123757F077}.EasyTest|Any CPU.ActiveCfg = Release|Any CPU
		{FF2A0CCF-601F-EF87-179D-A4123757F077}.EasyTest|Any CPU.Build.0 = Release|Any CPU
		{FF2A0CCF-601F-EF87-179D-A4123757F077}.Release|Any CPU.ActiveCfg = Release|Any CPU
		{FF2A0CCF-601F-EF87-179D-A4123757F077}.Release|Any CPU.Build.0 = Release|Any CPU
	EndGlobalSection
	GlobalSection(SolutionProperties) = preSolution
		HideSolutionNode = FALSE
	EndGlobalSection
	GlobalSection(ExtensibilityGlobals) = postSolution
		SolutionGuid = {DDCF945E-895D-440D-AC38-CBB9A0954045}
	EndGlobalSection
EndGlobal
